// !$*UTF8*$!
{
	archiveVersion = 1;
	classes = {
	};
	objectVersion = 48;
	objects = {

/* Begin PBXBuildFile section */
		07B8390E205A730200CBC223 /* AppDelegate.m in Sources */ = {isa = PBXBuildFile; fileRef = 07B8390D205A730200CBC223 /* AppDelegate.m */; };
		07B83911205A730200CBC223 /* ViewController.m in Sources */ = {isa = PBXBuildFile; fileRef = 07B83910205A730200CBC223 /* ViewController.m */; };
		07B83914205A730200CBC223 /* Main.storyboard in Resources */ = {isa = PBXBuildFile; fileRef = 07B83912205A730200CBC223 /* Main.storyboard */; };
		07B83916205A730200CBC223 /* Assets.xcassets in Resources */ = {isa = PBXBuildFile; fileRef = 07B83915205A730200CBC223 /* Assets.xcassets */; };
		07B83919205A730200CBC223 /* LaunchScreen.storyboard in Resources */ = {isa = PBXBuildFile; fileRef = 07B83917205A730200CBC223 /* LaunchScreen.storyboard */; };
		07B8391C205A730200CBC223 /* main.m in Sources */ = {isa = PBXBuildFile; fileRef = 07B8391B205A730200CBC223 /* main.m */; };
		07B83924205A732500CBC223 /* Test.m in Sources */ = {isa = PBXBuildFile; fileRef = 07B83923205A732500CBC223 /* Test.m */; };
		07B83927205B612A00CBC223 /* TestSon.m in Sources */ = {isa = PBXBuildFile; fileRef = 07B83926205B612A00CBC223 /* TestSon.m */; };
		07B8392A205B647100CBC223 /* UIButton+ClickBlock.m in Sources */ = {isa = PBXBuildFile; fileRef = 07B83929205B647100CBC223 /* UIButton+ClickBlock.m */; };
		07B8392D205B6A9200CBC223 /* TestModel.m in Sources */ = {isa = PBXBuildFile; fileRef = 07B8392C205B6A9200CBC223 /* TestModel.m */; };
		07B83930205B72A000CBC223 /* NSObject+KeyValues.m in Sources */ = {isa = PBXBuildFile; fileRef = 07B8392F205B72A000CBC223 /* NSObject+KeyValues.m */; };
		07B83933205BA7BC00CBC223 /* Monkey.m in Sources */ = {isa = PBXBuildFile; fileRef = 07B83932205BA7BC00CBC223 /* Monkey.m */; };
		07B83936205BA7D000CBC223 /* Bird.m in Sources */ = {isa = PBXBuildFile; fileRef = 07B83935205BA7D000CBC223 /* Bird.m */; };
		07C2713E205EA49C00310E59 /* UIImage+MBImage.m in Sources */ = {isa = PBXBuildFile; fileRef = 07C2713D205EA49C00310E59 /* UIImage+MBImage.m */; };
		07C27141205EA67F00310E59 /* Person.m in Sources */ = {isa = PBXBuildFile; fileRef = 07C27140205EA67F00310E59 /* Person.m */; };
		07C27147205EB04800310E59 /* Person+Property.m in Sources */ = {isa = PBXBuildFile; fileRef = 07C27146205EB04800310E59 /* Person+Property.m */; };
/* End PBXBuildFile section */

/* Begin PBXFileReference section */
		07B83909205A730200CBC223 /* RuntimeDemo.app */ = {isa = PBXFileReference; explicitFileType = wrapper.application; includeInIndex = 0; path = RuntimeDemo.app; sourceTree = BUILT_PRODUCTS_DIR; };
		07B8390C205A730200CBC223 /* AppDelegate.h */ = {isa = PBXFileReference; lastKnownFileType = sourcecode.c.h; path = AppDelegate.h; sourceTree = "<group>"; };
		07B8390D205A730200CBC223 /* AppDelegate.m */ = {isa = PBXFileReference; lastKnownFileType = sourcecode.c.objc; path = AppDelegate.m; sourceTree = "<group>"; };
		07B8390F205A730200CBC223 /* ViewController.h */ = {isa = PBXFileReference; lastKnownFileType = sourcecode.c.h; path = ViewController.h; sourceTree = "<group>"; };
		07B83910205A730200CBC223 /* ViewController.m */ = {isa = PBXFileReference; lastKnownFileType = sourcecode.c.objc; path = ViewController.m; sourceTree = "<group>"; };
		07B83913205A730200CBC223 /* Base */ = {isa = PBXFileReference; lastKnownFileType = file.storyboard; name = Base; path = Base.lproj/Main.storyboard; sourceTree = "<group>"; };
		07B83915205A730200CBC223 /* Assets.xcassets */ = {isa = PBXFileReference; lastKnownFileType = folder.assetcatalog; path = Assets.xcassets; sourceTree = "<group>"; };
		07B83918205A730200CBC223 /* Base */ = {isa = PBXFileReference; lastKnownFileType = file.storyboard; name = Base; path = Base.lproj/LaunchScreen.storyboard; sourceTree = "<group>"; };
		07B8391A205A730200CBC223 /* Info.plist */ = {isa = PBXFileReference; lastKnownFileType = text.plist.xml; path = Info.plist; sourceTree = "<group>"; };
		07B8391B205A730200CBC223 /* main.m */ = {isa = PBXFileReference; lastKnownFileType = sourcecode.c.objc; path = main.m; sourceTree = "<group>"; };
		07B83922205A732500CBC223 /* Test.h */ = {isa = PBXFileReference; lastKnownFileType = sourcecode.c.h; path = Test.h; sourceTree = "<group>"; };
		07B83923205A732500CBC223 /* Test.m */ = {isa = PBXFileReference; lastKnownFileType = sourcecode.c.objc; path = Test.m; sourceTree = "<group>"; };
		07B83925205B612A00CBC223 /* TestSon.h */ = {isa = PBXFileReference; lastKnownFileType = sourcecode.c.h; path = TestSon.h; sourceTree = "<group>"; };
		07B83926205B612A00CBC223 /* TestSon.m */ = {isa = PBXFileReference; lastKnownFileType = sourcecode.c.objc; path = TestSon.m; sourceTree = "<group>"; };
		07B83928205B647100CBC223 /* UIButton+ClickBlock.h */ = {isa = PBXFileReference; lastKnownFileType = sourcecode.c.h; path = "UIButton+ClickBlock.h"; sourceTree = "<group>"; };
		07B83929205B647100CBC223 /* UIButton+ClickBlock.m */ = {isa = PBXFileReference; lastKnownFileType = sourcecode.c.objc; path = "UIButton+ClickBlock.m"; sourceTree = "<group>"; };
		07B8392B205B6A9200CBC223 /* TestModel.h */ = {isa = PBXFileReference; lastKnownFileType = sourcecode.c.h; path = TestModel.h; sourceTree = "<group>"; };
		07B8392C205B6A9200CBC223 /* TestModel.m */ = {isa = PBXFileReference; lastKnownFileType = sourcecode.c.objc; path = TestModel.m; sourceTree = "<group>"; };
		07B8392E205B72A000CBC223 /* NSObject+KeyValues.h */ = {isa = PBXFileReference; lastKnownFileType = sourcecode.c.h; path = "NSObject+KeyValues.h"; sourceTree = "<group>"; };
		07B8392F205B72A000CBC223 /* NSObject+KeyValues.m */ = {isa = PBXFileReference; lastKnownFileType = sourcecode.c.objc; path = "NSObject+KeyValues.m"; sourceTree = "<group>"; };
		07B83931205BA7BB00CBC223 /* Monkey.h */ = {isa = PBXFileReference; lastKnownFileType = sourcecode.c.h; path = Monkey.h; sourceTree = "<group>"; };
		07B83932205BA7BC00CBC223 /* Monkey.m */ = {isa = PBXFileReference; lastKnownFileType = sourcecode.c.objc; path = Monkey.m; sourceTree = "<group>"; };
		07B83934205BA7D000CBC223 /* Bird.h */ = {isa = PBXFileReference; lastKnownFileType = sourcecode.c.h; path = Bird.h; sourceTree = "<group>"; };
		07B83935205BA7D000CBC223 /* Bird.m */ = {isa = PBXFileReference; lastKnownFileType = sourcecode.c.objc; path = Bird.m; sourceTree = "<group>"; };
		07C2713C205EA49C00310E59 /* UIImage+MBImage.h */ = {isa = PBXFileReference; lastKnownFileType = sourcecode.c.h; path = "UIImage+MBImage.h"; sourceTree = "<group>"; };
		07C2713D205EA49C00310E59 /* UIImage+MBImage.m */ = {isa = PBXFileReference; lastKnownFileType = sourcecode.c.objc; path = "UIImage+MBImage.m"; sourceTree = "<group>"; };
		07C2713F205EA67F00310E59 /* Person.h */ = {isa = PBXFileReference; lastKnownFileType = sourcecode.c.h; path = Person.h; sourceTree = "<group>"; };
		07C27140205EA67F00310E59 /* Person.m */ = {isa = PBXFileReference; lastKnownFileType = sourcecode.c.objc; path = Person.m; sourceTree = "<group>"; };
		07C27145205EB04800310E59 /* Person+Property.h */ = {isa = PBXFileReference; lastKnownFileType = sourcecode.c.h; path = "Person+Property.h"; sourceTree = "<group>"; };
		07C27146205EB04800310E59 /* Person+Property.m */ = {isa = PBXFileReference; lastKnownFileType = sourcecode.c.objc; path = "Person+Property.m"; sourceTree = "<group>"; };
/* End PBXFileReference section */

/* Begin PBXFrameworksBuildPhase section */
		07B83906205A730200CBC223 /* Frameworks */ = {
			isa = PBXFrameworksBuildPhase;
			buildActionMask = 2147483647;
			files = (
			);
			runOnlyForDeploymentPostprocessing = 0;
		};
/* End PBXFrameworksBuildPhase section */

/* Begin PBXGroup section */
		07B83900205A730200CBC223 = {
			isa = PBXGroup;
			children = (
				07B8390B205A730200CBC223 /* RuntimeDemo */,
				07B8390A205A730200CBC223 /* Products */,
			);
			sourceTree = "<group>";
		};
		07B8390A205A730200CBC223 /* Products */ = {
			isa = PBXGroup;
			children = (
				07B83909205A730200CBC223 /* RuntimeDemo.app */,
			);
			name = Products;
			sourceTree = "<group>";
		};
		07B8390B205A730200CBC223 /* RuntimeDemo */ = {
			isa = PBXGroup;
			children = (
				07B8390C205A730200CBC223 /* AppDelegate.h */,
				07B8390D205A730200CBC223 /* AppDelegate.m */,
				07B8390F205A730200CBC223 /* ViewController.h */,
				07B83910205A730200CBC223 /* ViewController.m */,
				07B83922205A732500CBC223 /* Test.h */,
				07B83923205A732500CBC223 /* Test.m */,
				07B83925205B612A00CBC223 /* TestSon.h */,
				07B83926205B612A00CBC223 /* TestSon.m */,
				07B83928205B647100CBC223 /* UIButton+ClickBlock.h */,
				07B83929205B647100CBC223 /* UIButton+ClickBlock.m */,
				07B8392B205B6A9200CBC223 /* TestModel.h */,
				07B8392C205B6A9200CBC223 /* TestModel.m */,
				07B8392E205B72A000CBC223 /* NSObject+KeyValues.h */,
				07B8392F205B72A000CBC223 /* NSObject+KeyValues.m */,
				07B83931205BA7BB00CBC223 /* Monkey.h */,
				07B83932205BA7BC00CBC223 /* Monkey.m */,
				07B83934205BA7D000CBC223 /* Bird.h */,
				07B83935205BA7D000CBC223 /* Bird.m */,
				07C2713C205EA49C00310E59 /* UIImage+MBImage.h */,
				07C2713D205EA49C00310E59 /* UIImage+MBImage.m */,
				07C2713F205EA67F00310E59 /* Person.h */,
				07C27140205EA67F00310E59 /* Person.m */,
				07C27145205EB04800310E59 /* Person+Property.h */,
				07C27146205EB04800310E59 /* Person+Property.m */,
				07B83912205A730200CBC223 /* Main.storyboard */,
				07B83915205A730200CBC223 /* Assets.xcassets */,
				07B83917205A730200CBC223 /* LaunchScreen.storyboard */,
				07B8391A205A730200CBC223 /* Info.plist */,
				07B8391B205A730200CBC223 /* main.m */,
			);
			path = RuntimeDemo;
			sourceTree = "<group>";
		};
/* End PBXGroup section */

/* Begin PBXNativeTarget section */
		07B83908205A730200CBC223 /* RuntimeDemo */ = {
			isa = PBXNativeTarget;
			buildConfigurationList = 07B8391F205A730200CBC223 /* Build configuration list for PBXNativeTarget "RuntimeDemo" */;
			buildPhases = (
				07B83905205A730200CBC223 /* Sources */,
				07B83906205A730200CBC223 /* Frameworks */,
				07B83907205A730200CBC223 /* Resources */,
			);
			buildRules = (
			);
			dependencies = (
			);
			name = RuntimeDemo;
			productName = RuntimeDemo;
			productReference = 07B83909205A730200CBC223 /* RuntimeDemo.app */;
			productType = "com.apple.product-type.application";
		};
/* End PBXNativeTarget section */

/* Begin PBXProject section */
		07B83901205A730200CBC223 /* Project object */ = {
			isa = PBXProject;
			attributes = {
				LastUpgradeCheck = 0920;
				ORGANIZATIONNAME = BiaoMa;
				TargetAttributes = {
					07B83908205A730200CBC223 = {
						CreatedOnToolsVersion = 9.2;
						ProvisioningStyle = Automatic;
					};
				};
			};
			buildConfigurationList = 07B83904205A730200CBC223 /* Build configuration list for PBXProject "RuntimeDemo" */;
			compatibilityVersion = "Xcode 8.0";
			developmentRegion = en;
			hasScannedForEncodings = 0;
			knownRegions = (
				en,
				Base,
			);
			mainGroup = 07B83900205A730200CBC223;
			productRefGroup = 07B8390A205A730200CBC223 /* Products */;
			projectDirPath = "";
			projectRoot = "";
			targets = (
				07B83908205A730200CBC223 /* RuntimeDemo */,
			);
		};
/* End PBXProject section */

/* Begin PBXResourcesBuildPhase section */
		07B83907205A730200CBC223 /* Resources */ = {
			isa = PBXResourcesBuildPhase;
			buildActionMask = 2147483647;
			files = (
				07B83919205A730200CBC223 /* LaunchScreen.storyboard in Resources */,
				07B83916205A730200CBC223 /* Assets.xcassets in Resources */,
				07B83914205A730200CBC223 /* Main.storyboard in Resources */,
			);
			runOnlyForDeploymentPostprocessing = 0;
		};
/* End PBXResourcesBuildPhase section */

/* Begin PBXSourcesBuildPhase section */
		07B83905205A730200CBC223 /* Sources */ = {
			isa = PBXSourcesBuildPhase;
			buildActionMask = 2147483647;
			files = (
				07B83936205BA7D000CBC223 /* Bird.m in Sources */,
				07B83933205BA7BC00CBC223 /* Monkey.m in Sources */,
				07B83911205A730200CBC223 /* ViewController.m in Sources */,
				07C2713E205EA49C00310E59 /* UIImage+MBImage.m in Sources */,
				07B83924205A732500CBC223 /* Test.m in Sources */,
				07B8392A205B647100CBC223 /* UIButton+ClickBlock.m in Sources */,
				07C27141205EA67F00310E59 /* Person.m in Sources */,
				07B83930205B72A000CBC223 /* NSObject+KeyValues.m in Sources */,
				07B83927205B612A00CBC223 /* TestSon.m in Sources */,
				07C27147205EB04800310E59 /* Person+Property.m in Sources */,
				07B8391C205A730200CBC223 /* main.m in Sources */,
				07B8392D205B6A9200CBC223 /* TestModel.m in Sources */,
				07B8390E205A730200CBC223 /* AppDelegate.m in Sources */,
			);
			runOnlyForDeploymentPostprocessing = 0;
		};
/* End PBXSourcesBuildPhase section */

/* Begin PBXVariantGroup section */
		07B83912205A730200CBC223 /* Main.storyboard */ = {
			isa = PBXVariantGroup;
			children = (
				07B83913205A730200CBC223 /* Base */,
			);
			name = Main.storyboard;
			sourceTree = "<group>";
		};
		07B83917205A730200CBC223 /* LaunchScreen.storyboard */ = {
			isa = PBXVariantGroup;
			children = (
				07B83918205A730200CBC223 /* Base */,
			);
			name = LaunchScreen.storyboard;
			sourceTree = "<group>";
		};
/* End PBXVariantGroup section */

/* Begin XCBuildConfiguration section */
		07B8391D205A730200CBC223 /* Debug */ = {
			isa = XCBuildConfiguration;
			buildSettings = {
				ALWAYS_SEARCH_USER_PATHS = NO;
				CLANG_ANALYZER_NONNULL = YES;
				CLANG_ANALYZER_NUMBER_OBJECT_CONVERSION = YES_AGGRESSIVE;
				CLANG_CXX_LANGUAGE_STANDARD = "gnu++14";
				CLANG_CXX_LIBRARY = "libc++";
				CLANG_ENABLE_MODULES = YES;
				CLANG_ENABLE_OBJC_ARC = YES;
				CLANG_WARN_BLOCK_CAPTURE_AUTORELEASING = YES;
				CLANG_WARN_BOOL_CONVERSION = YES;
				CLANG_WARN_COMMA = YES;
				CLANG_WARN_CONSTANT_CONVERSION = YES;
				CLANG_WARN_DIRECT_OBJC_ISA_USAGE = YES_ERROR;
				CLANG_WARN_DOCUMENTATION_COMMENTS = YES;
				CLANG_WARN_EMPTY_BODY = YES;
				CLANG_WARN_ENUM_CONVERSION = YES;
				CLANG_WARN_INFINITE_RECURSION = YES;
				CLANG_WARN_INT_CONVERSION = YES;
				CLANG_WARN_NON_LITERAL_NULL_CONVERSION = YES;
				CLANG_WARN_OBJC_LITERAL_CONVERSION = YES;
				CLANG_WARN_OBJC_ROOT_CLASS = YES_ERROR;
				CLANG_WARN_RANGE_LOOP_ANALYSIS = YES;
				CLANG_WARN_STRICT_PROTOTYPES = YES;
				CLANG_WARN_SUSPICIOUS_MOVE = YES;
				CLANG_WARN_UNGUARDED_AVAILABILITY = YES_AGGRESSIVE;
				CLANG_WARN_UNREACHABLE_CODE = YES;
				CLANG_WARN__DUPLICATE_METHOD_MATCH = YES;
				CODE_SIGN_IDENTITY = "iPhone Developer";
				COPY_PHASE_STRIP = NO;
				DEBUG_INFORMATION_FORMAT = dwarf;
				ENABLE_STRICT_OBJC_MSGSEND = YES;
				ENABLE_TESTABILITY = YES;
				GCC_C_LANGUAGE_STANDARD = gnu11;
				GCC_DYNAMIC_NO_PIC = NO;
				GCC_NO_COMMON_BLOCKS = YES;
				GCC_OPTIMIZATION_LEVEL = 0;
				GCC_PREPROCESSOR_DEFINITIONS = (
					"DEBUG=1",
					"$(inherited)",
				);
				GCC_WARN_64_TO_32_BIT_CONVERSION = YES;
				GCC_WARN_ABOUT_RETURN_TYPE = YES_ERROR;
				GCC_WARN_UNDECLARED_SELECTOR = YES;
				GCC_WARN_UNINITIALIZED_AUTOS = YES_AGGRESSIVE;
				GCC_WARN_UNUSED_FUNCTION = YES;
				GCC_WARN_UNUSED_VARIABLE = YES;
				IPHONEOS_DEPLOYMENT_TARGET = 11.2;
				MTL_ENABLE_DEBUG_INFO = YES;
				ONLY_ACTIVE_ARCH = YES;
				SDKROOT = iphoneos;
			};
			name = Debug;
		};
		07B8391E205A730200CBC223 /* Release */ = {
			isa = XCBuildConfiguration;
			buildSettings = {
				ALWAYS_SEARCH_USER_PATHS = NO;
				CLANG_ANALYZER_NONNULL = YES;
				CLANG_ANALYZER_NUMBER_OBJECT_CONVERSION = YES_AGGRESSIVE;
				CLANG_CXX_LANGUAGE_STANDARD = "gnu++14";
				CLANG_CXX_LIBRARY = "libc++";
				CLANG_ENABLE_MODULES = YES;
				CLANG_ENABLE_OBJC_ARC = YES;
				CLANG_WARN_BLOCK_CAPTURE_AUTORELEASING = YES;
				CLANG_WARN_BOOL_CONVERSION = YES;
				CLANG_WARN_COMMA = YES;
				CLANG_WARN_CONSTANT_CONVERSION = YES;
				CLANG_WARN_DIRECT_OBJC_ISA_USAGE = YES_ERROR;
				CLANG_WARN_DOCUMENTATION_COMMENTS = YES;
				CLANG_WARN_EMPTY_BODY = YES;
				CLANG_WARN_ENUM_CONVERSION = YES;
				CLANG_WARN_INFINITE_RECURSION = YES;
				CLANG_WARN_INT_CONVERSION = YES;
				CLANG_WARN_NON_LITERAL_NULL_CONVERSION = YES;
				CLANG_WARN_OBJC_LITERAL_CONVERSION = YES;
				CLANG_WARN_OBJC_ROOT_CLASS = YES_ERROR;
				CLANG_WARN_RANGE_LOOP_ANALYSIS = YES;
				CLANG_WARN_STRICT_PROTOTYPES = YES;
				CLANG_WARN_SUSPICIOUS_MOVE = YES;
				CLANG_WARN_UNGUARDED_AVAILABILITY = YES_AGGRESSIVE;
				CLANG_WARN_UNREACHABLE_CODE = YES;
				CLANG_WARN__DUPLICATE_METHOD_MATCH = YES;
				CODE_SIGN_IDENTITY = "iPhone Developer";
				COPY_PHASE_STRIP = NO;
				DEBUG_INFORMATION_FORMAT = "dwarf-with-dsym";
				ENABLE_NS_ASSERTIONS = NO;
				ENABLE_STRICT_OBJC_MSGSEND = YES;
				GCC_C_LANGUAGE_STANDARD = gnu11;
				GCC_NO_COMMON_BLOCKS = YES;
				GCC_WARN_64_TO_32_BIT_CONVERSION = YES;
				GCC_WARN_ABOUT_RETURN_TYPE = YES_ERROR;
				GCC_WARN_UNDECLARED_SELECTOR = YES;
				GCC_WARN_UNINITIALIZED_AUTOS = YES_AGGRESSIVE;
				GCC_WARN_UNUSED_FUNCTION = YES;
				GCC_WARN_UNUSED_VARIABLE = YES;
				IPHONEOS_DEPLOYMENT_TARGET = 11.2;
				MTL_ENABLE_DEBUG_INFO = NO;
				SDKROOT = iphoneos;
				VALIDATE_PRODUCT = YES;
			};
			name = Release;
		};
		07B83920205A730200CBC223 /* Debug */ = {
			isa = XCBuildConfiguration;
			buildSettings = {
				ASSETCATALOG_COMPILER_APPICON_NAME = AppIcon;
				"CODE_SIGN_IDENTITY[sdk=iphoneos*]" = "iPhone Developer";
				CODE_SIGN_STYLE = Automatic;
				DEVELOPMENT_TEAM = QUMSF8EMJ8;
				INFOPLIST_FILE = RuntimeDemo/Info.plist;
				LD_RUNPATH_SEARCH_PATHS = "$(inherited) @executable_path/Frameworks";
				PRODUCT_BUNDLE_IDENTIFIER = com.biao.ma.RuntimeDemo;
				PRODUCT_NAME = "$(TARGET_NAME)";
				PROVISIONING_PROFILE_SPECIFIER = "";
				TARGETED_DEVICE_FAMILY = "1,2";
			};
			name = Debug;
		};
		07B83921205A730200CBC223 /* Release */ = {
			isa = XCBuildConfiguration;
			buildSettings = {
				ASSETCATALOG_COMPILER_APPICON_NAME = AppIcon;
				"CODE_SIGN_IDENTITY[sdk=iphoneos*]" = "iPhone Developer";
				CODE_SIGN_STYLE = Automatic;
				DEVELOPMENT_TEAM = QUMSF8EMJ8;
				INFOPLIST_FILE = RuntimeDemo/Info.plist;
				LD_RUNPATH_SEARCH_PATHS = "$(inherited) @executable_path/Frameworks";
				PRODUCT_BUNDLE_IDENTIFIER = com.biao.ma.RuntimeDemo;
				PRODUCT_NAME = "$(TARGET_NAME)";
				PROVISIONING_PROFILE_SPECIFIER = "";
				TARGETED_DEVICE_FAMILY = "1,2";
			};
			name = Release;
		};
/* End XCBuildConfiguration section */

/* Begin XCConfigurationList section */
		07B83904205A730200CBC223 /* Build configuration list for PBXProject "RuntimeDemo" */ = {
			isa = XCConfigurationList;
			buildConfigurations = (
				07B8391D205A730200CBC223 /* Debug */,
				07B8391E205A730200CBC223 /* Release */,
			);
			defaultConfigurationIsVisible = 0;
			defaultConfigurationName = Release;
		};
		07B8391F205A730200CBC223 /* Build configuration list for PBXNativeTarget "RuntimeDemo" */ = {
			isa = XCConfigurationList;
			buildConfigurations = (
				07B83920205A730200CBC223 /* Debug */,
				07B83921205A730200CBC223 /* Release */,
			);
			defaultConfigurationIsVisible = 0;
			defaultConfigurationName = Release;
		};
/* End XCConfigurationList section */
	};
	rootObject = 07B83901205A730200CBC223 /* Project object */;
}
